{
  "object": {
    "pins": [
      {
        "package": "Bits",
        "repositoryURL": "https://github.com/vapor/bits.git",
        "state": {
          "branch": null,
          "revision": "c32f5e6ae2007dccd21a92b7e33eba842dd80d2f",
          "version": "1.1.0"
        }
      },
      {
        "package": "Core",
        "repositoryURL": "https://github.com/vapor/core.git",
        "state": {
          "branch": null,
          "revision": "f9f3a585ab0ea5764b46d7a36d9c0d9d508b9c63",
          "version": "2.2.0"
        }
      },
      {
        "package": "Debugging",
        "repositoryURL": "https://github.com/vapor/debugging.git",
        "state": {
          "branch": null,
          "revision": "fc5a27d6eb236141dc24e5f14eedaa2e035ae7b3",
          "version": "1.1.1"
        }
      },
      {
        "package": "Fluent",
        "repositoryURL": "https://github.com/vapor/fluent.git",
        "state": {
          "branch": null,
          "revision": "84b0d96a61b66168f2a61ec788581e0a2ab6f9c3",
          "version": "2.5.1"
        }
      },
      {
        "package": "Node",
        "repositoryURL": "https://github.com/vapor/node.git",
        "state": {
          "branch": null,
          "revision": "c4ff32f07657aec849677e5aecb657bb6c85098d",
          "version": "2.1.4"
        }
      },
      {
        "package": "Random",
        "repositoryURL": "https://github.com/vapor/random.git",
        "state": {
          "branch": null,
          "revision": "d7c4397d125caba795d14d956efacfe2a27a63d0",
          "version": "1.2.0"
        }
      },
      {
        "package": "SQLite",
        "repositoryURL": "https://github.com/vapor/sqlite.git",
        "state": {
          "branch": null,
          "revision": "9aceb6a0d7b1698a557647493bd78b030dad468b",
          "version": "2.3.1"
        }
      }
    ]
  },
  "version": 1
}
