// !$*UTF8*$!
{
	archiveVersion = 1;
	classes = {
	};
	objectVersion = 48;
	objects = {

/* Begin PBXBuildFile section */
		068F42D3C175EE9B1F065828 /* Pods_SocialTodoUITests.framework in Frameworks */ = {isa = PBXBuildFile; fileRef = 6AE7ABA2DA3A0EB2222C769D /* Pods_SocialTodoUITests.framework */; };
		C3F555C32976F5814ABDEF44 /* Pods_SocialTodoTests.framework in Frameworks */ = {isa = PBXBuildFile; fileRef = F619CA36187BD76A29B6BB28 /* Pods_SocialTodoTests.framework */; };
		C70FB386201EC2FF00BBFCF6 /* CSQLite.framework in Frameworks */ = {isa = PBXBuildFile; fileRef = C70FB387201EC2FF00BBFCF6 /* CSQLite.framework */; };
		C70FB388201EC62400BBFCF6 /* libc.framework in Frameworks */ = {isa = PBXBuildFile; fileRef = C70FB38A201EC62400BBFCF6 /* libc.framework */; };
		C70FB389201EC62400BBFCF6 /* PathIndexable.framework in Frameworks */ = {isa = PBXBuildFile; fileRef = C70FB38B201EC62400BBFCF6 /* PathIndexable.framework */; };
		C721C8DA201EB95C00EC7F4C /* Fluent.framework in Frameworks */ = {isa = PBXBuildFile; fileRef = C721C8DB201EB95C00EC7F4C /* Fluent.framework */; };
		C721C8DC201EB97500EC7F4C /* SQLite.framework in Frameworks */ = {isa = PBXBuildFile; fileRef = C721C8DD201EB97500EC7F4C /* SQLite.framework */; };
		C721C8DE201EB9B200EC7F4C /* Bits.framework in Frameworks */ = {isa = PBXBuildFile; fileRef = C721C8E2201EB9B200EC7F4C /* Bits.framework */; };
		C721C8DF201EB9B200EC7F4C /* Core.framework in Frameworks */ = {isa = PBXBuildFile; fileRef = C721C8E3201EB9B200EC7F4C /* Core.framework */; };
		C721C8E0201EB9B200EC7F4C /* Node.framework in Frameworks */ = {isa = PBXBuildFile; fileRef = C721C8E4201EB9B200EC7F4C /* Node.framework */; };
		C721C8E1201EB9B200EC7F4C /* Random.framework in Frameworks */ = {isa = PBXBuildFile; fileRef = C721C8E5201EB9B200EC7F4C /* Random.framework */; };
		C721C8E6201EB9D300EC7F4C /* Debugging.framework in Frameworks */ = {isa = PBXBuildFile; fileRef = C721C8E7201EB9D300EC7F4C /* Debugging.framework */; };
		C767F5D7201923D100C532D0 /* Constants.swift in Sources */ = {isa = PBXBuildFile; fileRef = C767F5D6201923D100C532D0 /* Constants.swift */; };
		C767F5DA201924EE00C532D0 /* Extensions.swift in Sources */ = {isa = PBXBuildFile; fileRef = C767F5D9201924EE00C532D0 /* Extensions.swift */; };
		C7DE93CD1FD28906006F73F0 /* ViewController.swift in Sources */ = {isa = PBXBuildFile; fileRef = C7DE93CC1FD28906006F73F0 /* ViewController.swift */; };
		C7DE93D21FD28907006F73F0 /* Assets.xcassets in Resources */ = {isa = PBXBuildFile; fileRef = C7DE93D11FD28907006F73F0 /* Assets.xcassets */; };
		C7DE93D51FD28907006F73F0 /* LaunchScreen.storyboard in Resources */ = {isa = PBXBuildFile; fileRef = C7DE93D31FD28907006F73F0 /* LaunchScreen.storyboard */; };
		C7EB3385200ACFDD004D5E1B /* TLCell.swift in Sources */ = {isa = PBXBuildFile; fileRef = C7EB3384200ACFDC004D5E1B /* TLCell.swift */; };
		C7EB3387200B1C2D004D5E1B /* Main.storyboard in Resources */ = {isa = PBXBuildFile; fileRef = C7EB3386200B1C2D004D5E1B /* Main.storyboard */; };
		C7F9209320128E0D00EBC6DF /* LoginViewController.swift in Sources */ = {isa = PBXBuildFile; fileRef = C7F9209220128E0D00EBC6DF /* LoginViewController.swift */; };
		CF993520D47F9D90AED1AEC1 /* Pods_SocialTodo.framework in Frameworks */ = {isa = PBXBuildFile; fileRef = 0F981D4E3C21844FED7544BC /* Pods_SocialTodo.framework */; };
		E9848CA21FEEFEB8007ECCB2 /* FacebookLoginTest.swift in Sources */ = {isa = PBXBuildFile; fileRef = E9D069671FE8A97C0044BDF4 /* FacebookLoginTest.swift */; };
		E9C91C271FD31D9600ADFEF9 /* SocialTodoTests.swift in Sources */ = {isa = PBXBuildFile; fileRef = E9C91C261FD31D9600ADFEF9 /* SocialTodoTests.swift */; };
		E9C91C351FD31DC700ADFEF9 /* SocialTodoUITests.swift in Sources */ = {isa = PBXBuildFile; fileRef = E9C91C341FD31DC700ADFEF9 /* SocialTodoUITests.swift */; };
		E9C91C401FD3274300ADFEF9 /* JSONItem.swift in Sources */ = {isa = PBXBuildFile; fileRef = E9C91C3F1FD3274300ADFEF9 /* JSONItem.swift */; };
		E9CBCF571FEEDBF800E8D7F7 /* DataControllerInterface.swift in Sources */ = {isa = PBXBuildFile; fileRef = E9CBCF551FEEDBF800E8D7F7 /* DataControllerInterface.swift */; };
		E9CBCF581FEEDBF800E8D7F7 /* AuthControllerInterface.swift in Sources */ = {isa = PBXBuildFile; fileRef = E9CBCF561FEEDBF800E8D7F7 /* AuthControllerInterface.swift */; };
		E9CBCF5C1FEEDC0100E8D7F7 /* AuthController.swift in Sources */ = {isa = PBXBuildFile; fileRef = E9CBCF591FEEDC0100E8D7F7 /* AuthController.swift */; };
		E9CBCF5D1FEEDC0100E8D7F7 /* DataController.swift in Sources */ = {isa = PBXBuildFile; fileRef = E9CBCF5A1FEEDC0100E8D7F7 /* DataController.swift */; };
		E9CBCF5E1FEEDC0100E8D7F7 /* AppDelegate.swift in Sources */ = {isa = PBXBuildFile; fileRef = E9CBCF5B1FEEDC0100E8D7F7 /* AppDelegate.swift */; };
		E9CBCF651FEEE36C00E8D7F7 /* JSONCollection.swift in Sources */ = {isa = PBXBuildFile; fileRef = E9C91C411FD327BB00ADFEF9 /* JSONCollection.swift */; };
		E9CBCF661FEEE37000E8D7F7 /* AddFriendsViewController.swift in Sources */ = {isa = PBXBuildFile; fileRef = C77EBE8E1FD3D4F4004403B0 /* AddFriendsViewController.swift */; };
		E9CBCF671FEEE37400E8D7F7 /* FriendsViewController.swift in Sources */ = {isa = PBXBuildFile; fileRef = C77EBE961FD3D589004403B0 /* FriendsViewController.swift */; };
		E9CBCF681FEEE37700E8D7F7 /* TodoListsViewController.swift in Sources */ = {isa = PBXBuildFile; fileRef = C77EBE9C1FD3D5B7004403B0 /* TodoListsViewController.swift */; };
		E9CBCF691FEEE37A00E8D7F7 /* ProfileViewController.swift in Sources */ = {isa = PBXBuildFile; fileRef = C77EBEA01FD3D5C7004403B0 /* ProfileViewController.swift */; };
/* End PBXBuildFile section */

/* Begin PBXContainerItemProxy section */
		E9C91C291FD31D9600ADFEF9 /* PBXContainerItemProxy */ = {
			isa = PBXContainerItemProxy;
			containerPortal = C7DE93BF1FD28906006F73F0 /* Project object */;
			proxyType = 1;
			remoteGlobalIDString = C7DE93C61FD28906006F73F0;
			remoteInfo = SocialTodo;
		};
		E9C91C371FD31DC700ADFEF9 /* PBXContainerItemProxy */ = {
			isa = PBXContainerItemProxy;
			containerPortal = C7DE93BF1FD28906006F73F0 /* Project object */;
			proxyType = 1;
			remoteGlobalIDString = C7DE93C61FD28906006F73F0;
			remoteInfo = SocialTodo;
		};
/* End PBXContainerItemProxy section */

/* Begin PBXFileReference section */
		0F981D4E3C21844FED7544BC /* Pods_SocialTodo.framework */ = {isa = PBXFileReference; explicitFileType = wrapper.framework; includeInIndex = 0; path = Pods_SocialTodo.framework; sourceTree = BUILT_PRODUCTS_DIR; };
		2492E0CC40A0E1BC286238D9 /* Pods-SocialTodoTests.debug.xcconfig */ = {isa = PBXFileReference; includeInIndex = 1; lastKnownFileType = text.xcconfig; name = "Pods-SocialTodoTests.debug.xcconfig"; path = "Pods/Target Support Files/Pods-SocialTodoTests/Pods-SocialTodoTests.debug.xcconfig"; sourceTree = "<group>"; };
		2EF4B615255B39FCCFFF5700 /* Pods-SocialTodoTests.release.xcconfig */ = {isa = PBXFileReference; includeInIndex = 1; lastKnownFileType = text.xcconfig; name = "Pods-SocialTodoTests.release.xcconfig"; path = "Pods/Target Support Files/Pods-SocialTodoTests/Pods-SocialTodoTests.release.xcconfig"; sourceTree = "<group>"; };
		41502CAF0E2DCBA449EA0A2A /* Pods-SocialTodoUITests.release.xcconfig */ = {isa = PBXFileReference; includeInIndex = 1; lastKnownFileType = text.xcconfig; name = "Pods-SocialTodoUITests.release.xcconfig"; path = "Pods/Target Support Files/Pods-SocialTodoUITests/Pods-SocialTodoUITests.release.xcconfig"; sourceTree = "<group>"; };
		6AE7ABA2DA3A0EB2222C769D /* Pods_SocialTodoUITests.framework */ = {isa = PBXFileReference; explicitFileType = wrapper.framework; includeInIndex = 0; path = Pods_SocialTodoUITests.framework; sourceTree = BUILT_PRODUCTS_DIR; };
		79030B743087874D844CB600 /* Pods-SocialTodoUITests.debug.xcconfig */ = {isa = PBXFileReference; includeInIndex = 1; lastKnownFileType = text.xcconfig; name = "Pods-SocialTodoUITests.debug.xcconfig"; path = "Pods/Target Support Files/Pods-SocialTodoUITests/Pods-SocialTodoUITests.debug.xcconfig"; sourceTree = "<group>"; };
		935072707C4F55DBB2CFA465 /* Pods-SocialTodo.release.xcconfig */ = {isa = PBXFileReference; includeInIndex = 1; lastKnownFileType = text.xcconfig; name = "Pods-SocialTodo.release.xcconfig"; path = "Pods/Target Support Files/Pods-SocialTodo/Pods-SocialTodo.release.xcconfig"; sourceTree = "<group>"; };
		AD1D5EA6703B3A202E5D932F /* Pods-SocialTodo.debug.xcconfig */ = {isa = PBXFileReference; includeInIndex = 1; lastKnownFileType = text.xcconfig; name = "Pods-SocialTodo.debug.xcconfig"; path = "Pods/Target Support Files/Pods-SocialTodo/Pods-SocialTodo.debug.xcconfig"; sourceTree = "<group>"; };
		C70FB387201EC2FF00BBFCF6 /* CSQLite.framework */ = {isa = PBXFileReference; explicitFileType = wrapper.framework; path = CSQLite.framework; sourceTree = BUILT_PRODUCTS_DIR; };
		C70FB38A201EC62400BBFCF6 /* libc.framework */ = {isa = PBXFileReference; explicitFileType = wrapper.framework; path = libc.framework; sourceTree = BUILT_PRODUCTS_DIR; };
		C70FB38B201EC62400BBFCF6 /* PathIndexable.framework */ = {isa = PBXFileReference; explicitFileType = wrapper.framework; path = PathIndexable.framework; sourceTree = BUILT_PRODUCTS_DIR; };
		C721C8DB201EB95C00EC7F4C /* Fluent.framework */ = {isa = PBXFileReference; explicitFileType = wrapper.framework; path = Fluent.framework; sourceTree = BUILT_PRODUCTS_DIR; };
		C721C8DD201EB97500EC7F4C /* SQLite.framework */ = {isa = PBXFileReference; explicitFileType = wrapper.framework; path = SQLite.framework; sourceTree = BUILT_PRODUCTS_DIR; };
		C721C8E2201EB9B200EC7F4C /* Bits.framework */ = {isa = PBXFileReference; explicitFileType = wrapper.framework; path = Bits.framework; sourceTree = BUILT_PRODUCTS_DIR; };
		C721C8E3201EB9B200EC7F4C /* Core.framework */ = {isa = PBXFileReference; explicitFileType = wrapper.framework; path = Core.framework; sourceTree = BUILT_PRODUCTS_DIR; };
		C721C8E4201EB9B200EC7F4C /* Node.framework */ = {isa = PBXFileReference; explicitFileType = wrapper.framework; path = Node.framework; sourceTree = BUILT_PRODUCTS_DIR; };
		C721C8E5201EB9B200EC7F4C /* Random.framework */ = {isa = PBXFileReference; explicitFileType = wrapper.framework; path = Random.framework; sourceTree = BUILT_PRODUCTS_DIR; };
		C721C8E7201EB9D300EC7F4C /* Debugging.framework */ = {isa = PBXFileReference; explicitFileType = wrapper.framework; path = Debugging.framework; sourceTree = BUILT_PRODUCTS_DIR; };
		C767F5D6201923D100C532D0 /* Constants.swift */ = {isa = PBXFileReference; lastKnownFileType = sourcecode.swift; path = Constants.swift; sourceTree = "<group>"; };
		C767F5D9201924EE00C532D0 /* Extensions.swift */ = {isa = PBXFileReference; lastKnownFileType = sourcecode.swift; path = Extensions.swift; sourceTree = "<group>"; };
		C77EBE8E1FD3D4F4004403B0 /* AddFriendsViewController.swift */ = {isa = PBXFileReference; lastKnownFileType = sourcecode.swift; path = AddFriendsViewController.swift; sourceTree = "<group>"; };
		C77EBE961FD3D589004403B0 /* FriendsViewController.swift */ = {isa = PBXFileReference; lastKnownFileType = sourcecode.swift; path = FriendsViewController.swift; sourceTree = "<group>"; };
		C77EBE9C1FD3D5B7004403B0 /* TodoListsViewController.swift */ = {isa = PBXFileReference; lastKnownFileType = sourcecode.swift; path = TodoListsViewController.swift; sourceTree = "<group>"; };
		C77EBEA01FD3D5C7004403B0 /* ProfileViewController.swift */ = {isa = PBXFileReference; lastKnownFileType = sourcecode.swift; path = ProfileViewController.swift; sourceTree = "<group>"; };
		C7DE93C71FD28906006F73F0 /* SocialTodo.app */ = {isa = PBXFileReference; explicitFileType = wrapper.application; includeInIndex = 0; path = SocialTodo.app; sourceTree = BUILT_PRODUCTS_DIR; };
		C7DE93CC1FD28906006F73F0 /* ViewController.swift */ = {isa = PBXFileReference; lastKnownFileType = sourcecode.swift; path = ViewController.swift; sourceTree = "<group>"; };
		C7DE93D11FD28907006F73F0 /* Assets.xcassets */ = {isa = PBXFileReference; lastKnownFileType = folder.assetcatalog; path = Assets.xcassets; sourceTree = "<group>"; };
		C7DE93D41FD28907006F73F0 /* Base */ = {isa = PBXFileReference; lastKnownFileType = file.storyboard; name = Base; path = Base.lproj/LaunchScreen.storyboard; sourceTree = "<group>"; };
		C7DE93D61FD28907006F73F0 /* Info.plist */ = {isa = PBXFileReference; lastKnownFileType = text.plist.xml; path = Info.plist; sourceTree = "<group>"; };
		C7EB3384200ACFDC004D5E1B /* TLCell.swift */ = {isa = PBXFileReference; lastKnownFileType = sourcecode.swift; path = TLCell.swift; sourceTree = "<group>"; };
		C7EB3386200B1C2D004D5E1B /* Main.storyboard */ = {isa = PBXFileReference; lastKnownFileType = file.storyboard; path = Main.storyboard; sourceTree = "<group>"; };
		C7F9209220128E0D00EBC6DF /* LoginViewController.swift */ = {isa = PBXFileReference; lastKnownFileType = sourcecode.swift; path = LoginViewController.swift; sourceTree = "<group>"; };
		E9C91C241FD31D9600ADFEF9 /* SocialTodoTests.xctest */ = {isa = PBXFileReference; explicitFileType = wrapper.cfbundle; includeInIndex = 0; path = SocialTodoTests.xctest; sourceTree = BUILT_PRODUCTS_DIR; };
		E9C91C261FD31D9600ADFEF9 /* SocialTodoTests.swift */ = {isa = PBXFileReference; lastKnownFileType = sourcecode.swift; path = SocialTodoTests.swift; sourceTree = "<group>"; };
		E9C91C281FD31D9600ADFEF9 /* Info.plist */ = {isa = PBXFileReference; lastKnownFileType = text.plist.xml; path = Info.plist; sourceTree = "<group>"; };
		E9C91C321FD31DC700ADFEF9 /* SocialTodoUITests.xctest */ = {isa = PBXFileReference; explicitFileType = wrapper.cfbundle; includeInIndex = 0; path = SocialTodoUITests.xctest; sourceTree = BUILT_PRODUCTS_DIR; };
		E9C91C341FD31DC700ADFEF9 /* SocialTodoUITests.swift */ = {isa = PBXFileReference; lastKnownFileType = sourcecode.swift; path = SocialTodoUITests.swift; sourceTree = "<group>"; };
		E9C91C361FD31DC700ADFEF9 /* Info.plist */ = {isa = PBXFileReference; lastKnownFileType = text.plist.xml; path = Info.plist; sourceTree = "<group>"; };
		E9C91C3C1FD31E3200ADFEF9 /* Podfile */ = {isa = PBXFileReference; lastKnownFileType = text; path = Podfile; sourceTree = "<group>"; xcLanguageSpecificationIdentifier = xcode.lang.ruby; };
		E9C91C3F1FD3274300ADFEF9 /* JSONItem.swift */ = {isa = PBXFileReference; lastKnownFileType = sourcecode.swift; path = JSONItem.swift; sourceTree = "<group>"; };
		E9C91C411FD327BB00ADFEF9 /* JSONCollection.swift */ = {isa = PBXFileReference; lastKnownFileType = sourcecode.swift; path = JSONCollection.swift; sourceTree = "<group>"; };
		E9CBCF551FEEDBF800E8D7F7 /* DataControllerInterface.swift */ = {isa = PBXFileReference; fileEncoding = 4; lastKnownFileType = sourcecode.swift; path = DataControllerInterface.swift; sourceTree = "<group>"; };
		E9CBCF561FEEDBF800E8D7F7 /* AuthControllerInterface.swift */ = {isa = PBXFileReference; fileEncoding = 4; lastKnownFileType = sourcecode.swift; path = AuthControllerInterface.swift; sourceTree = "<group>"; };
		E9CBCF591FEEDC0100E8D7F7 /* AuthController.swift */ = {isa = PBXFileReference; fileEncoding = 4; lastKnownFileType = sourcecode.swift; path = AuthController.swift; sourceTree = "<group>"; };
		E9CBCF5A1FEEDC0100E8D7F7 /* DataController.swift */ = {isa = PBXFileReference; fileEncoding = 4; lastKnownFileType = sourcecode.swift; path = DataController.swift; sourceTree = "<group>"; };
		E9CBCF5B1FEEDC0100E8D7F7 /* AppDelegate.swift */ = {isa = PBXFileReference; fileEncoding = 4; lastKnownFileType = sourcecode.swift; path = AppDelegate.swift; sourceTree = "<group>"; };
		E9D069671FE8A97C0044BDF4 /* FacebookLoginTest.swift */ = {isa = PBXFileReference; lastKnownFileType = sourcecode.swift; path = FacebookLoginTest.swift; sourceTree = "<group>"; };
		F619CA36187BD76A29B6BB28 /* Pods_SocialTodoTests.framework */ = {isa = PBXFileReference; explicitFileType = wrapper.framework; includeInIndex = 0; path = Pods_SocialTodoTests.framework; sourceTree = BUILT_PRODUCTS_DIR; };
/* End PBXFileReference section */

/* Begin PBXFrameworksBuildPhase section */
		C7DE93C41FD28906006F73F0 /* Frameworks */ = {
			isa = PBXFrameworksBuildPhase;
			buildActionMask = 2147483647;
			files = (
				C70FB388201EC62400BBFCF6 /* libc.framework in Frameworks */,
				C70FB389201EC62400BBFCF6 /* PathIndexable.framework in Frameworks */,
				C70FB386201EC2FF00BBFCF6 /* CSQLite.framework in Frameworks */,
				C721C8E6201EB9D300EC7F4C /* Debugging.framework in Frameworks */,
				C721C8DE201EB9B200EC7F4C /* Bits.framework in Frameworks */,
				C721C8DF201EB9B200EC7F4C /* Core.framework in Frameworks */,
				C721C8E0201EB9B200EC7F4C /* Node.framework in Frameworks */,
				C721C8E1201EB9B200EC7F4C /* Random.framework in Frameworks */,
				C721C8DC201EB97500EC7F4C /* SQLite.framework in Frameworks */,
				C721C8DA201EB95C00EC7F4C /* Fluent.framework in Frameworks */,
				CF993520D47F9D90AED1AEC1 /* Pods_SocialTodo.framework in Frameworks */,
			);
			runOnlyForDeploymentPostprocessing = 0;
		};
		E9C91C211FD31D9600ADFEF9 /* Frameworks */ = {
			isa = PBXFrameworksBuildPhase;
			buildActionMask = 2147483647;
			files = (
				C3F555C32976F5814ABDEF44 /* Pods_SocialTodoTests.framework in Frameworks */,
			);
			runOnlyForDeploymentPostprocessing = 0;
		};
		E9C91C2F1FD31DC700ADFEF9 /* Frameworks */ = {
			isa = PBXFrameworksBuildPhase;
			buildActionMask = 2147483647;
			files = (
				068F42D3C175EE9B1F065828 /* Pods_SocialTodoUITests.framework in Frameworks */,
			);
			runOnlyForDeploymentPostprocessing = 0;
		};
/* End PBXFrameworksBuildPhase section */

/* Begin PBXGroup section */
		3C79FA3AF53C32629117FD51 /* Pods */ = {
			isa = PBXGroup;
			children = (
				AD1D5EA6703B3A202E5D932F /* Pods-SocialTodo.debug.xcconfig */,
				935072707C4F55DBB2CFA465 /* Pods-SocialTodo.release.xcconfig */,
				2492E0CC40A0E1BC286238D9 /* Pods-SocialTodoTests.debug.xcconfig */,
				2EF4B615255B39FCCFFF5700 /* Pods-SocialTodoTests.release.xcconfig */,
				79030B743087874D844CB600 /* Pods-SocialTodoUITests.debug.xcconfig */,
				41502CAF0E2DCBA449EA0A2A /* Pods-SocialTodoUITests.release.xcconfig */,
			);
			name = Pods;
			sourceTree = "<group>";
		};
		6A09C75C9B702B5DC20CD33E /* Frameworks */ = {
			isa = PBXGroup;
			children = (
				C70FB38A201EC62400BBFCF6 /* libc.framework */,
				C70FB38B201EC62400BBFCF6 /* PathIndexable.framework */,
				C70FB387201EC2FF00BBFCF6 /* CSQLite.framework */,
				C721C8E7201EB9D300EC7F4C /* Debugging.framework */,
				C721C8E2201EB9B200EC7F4C /* Bits.framework */,
				C721C8E3201EB9B200EC7F4C /* Core.framework */,
				C721C8E4201EB9B200EC7F4C /* Node.framework */,
				C721C8E5201EB9B200EC7F4C /* Random.framework */,
				C721C8DD201EB97500EC7F4C /* SQLite.framework */,
				C721C8DB201EB95C00EC7F4C /* Fluent.framework */,
				0F981D4E3C21844FED7544BC /* Pods_SocialTodo.framework */,
				F619CA36187BD76A29B6BB28 /* Pods_SocialTodoTests.framework */,
				6AE7ABA2DA3A0EB2222C769D /* Pods_SocialTodoUITests.framework */,
			);
			name = Frameworks;
			sourceTree = "<group>";
		};
		C767F5D8201924CB00C532D0 /* Helpers */ = {
			isa = PBXGroup;
			children = (
				C767F5D6201923D100C532D0 /* Constants.swift */,
				C767F5D9201924EE00C532D0 /* Extensions.swift */,
			);
			path = Helpers;
			sourceTree = "<group>";
		};
		C77EBE8D1FD3D4CF004403B0 /* AddFriends */ = {
			isa = PBXGroup;
			children = (
				C77EBE8E1FD3D4F4004403B0 /* AddFriendsViewController.swift */,
			);
			path = AddFriends;
			sourceTree = "<group>";
		};
		C77EBE921FD3D51E004403B0 /* Friends */ = {
			isa = PBXGroup;
			children = (
				C77EBE961FD3D589004403B0 /* FriendsViewController.swift */,
			);
			path = Friends;
			sourceTree = "<group>";
		};
		C77EBE941FD3D53A004403B0 /* TodoLists */ = {
			isa = PBXGroup;
			children = (
				C77EBE9C1FD3D5B7004403B0 /* TodoListsViewController.swift */,
				C7EB3384200ACFDC004D5E1B /* TLCell.swift */,
			);
			path = TodoLists;
			sourceTree = "<group>";
		};
		C77EBE951FD3D544004403B0 /* Profile */ = {
			isa = PBXGroup;
			children = (
				C77EBEA01FD3D5C7004403B0 /* ProfileViewController.swift */,
			);
			path = Profile;
			sourceTree = "<group>";
		};
		C7DE93BE1FD28906006F73F0 = {
			isa = PBXGroup;
			children = (
				E9C91C3C1FD31E3200ADFEF9 /* Podfile */,
				C7DE93C91FD28906006F73F0 /* SocialTodo */,
				E9C91C251FD31D9600ADFEF9 /* SocialTodoTests */,
				E9C91C331FD31DC700ADFEF9 /* SocialTodoUITests */,
				C7DE93C81FD28906006F73F0 /* Products */,
				3C79FA3AF53C32629117FD51 /* Pods */,
				6A09C75C9B702B5DC20CD33E /* Frameworks */,
			);
			sourceTree = "<group>";
		};
		C7DE93C81FD28906006F73F0 /* Products */ = {
			isa = PBXGroup;
			children = (
				C7DE93C71FD28906006F73F0 /* SocialTodo.app */,
				E9C91C241FD31D9600ADFEF9 /* SocialTodoTests.xctest */,
				E9C91C321FD31DC700ADFEF9 /* SocialTodoUITests.xctest */,
			);
			name = Products;
			sourceTree = "<group>";
		};
		C7DE93C91FD28906006F73F0 /* SocialTodo */ = {
			isa = PBXGroup;
			children = (
				C7EB3386200B1C2D004D5E1B /* Main.storyboard */,
				E9CBCF541FEEDBD700E8D7F7 /* Controllers */,
				E9CBCF531FEEDBD000E8D7F7 /* ControllerProtocols */,
				E9CBCF5F1FEEDC1A00E8D7F7 /* Models */,
				E9C91C191FD31C1300ADFEF9 /* ModelProtocols */,
				E9C91C161FD31BF100ADFEF9 /* ViewControllers */,
				E9CBCF601FEEDC3F00E8D7F7 /* ViewControllerProtocols */,
				C767F5D8201924CB00C532D0 /* Helpers */,
				C7DE93D11FD28907006F73F0 /* Assets.xcassets */,
				C7DE93D31FD28907006F73F0 /* LaunchScreen.storyboard */,
				C7DE93D61FD28907006F73F0 /* Info.plist */,
			);
			path = SocialTodo;
			sourceTree = "<group>";
		};
		C7F9209120128DCC00EBC6DF /* Authentication */ = {
			isa = PBXGroup;
			children = (
				C7F9209220128E0D00EBC6DF /* LoginViewController.swift */,
			);
			path = Authentication;
			sourceTree = "<group>";
		};
		E9C91C161FD31BF100ADFEF9 /* ViewControllers */ = {
			isa = PBXGroup;
			children = (
				C7DE93CC1FD28906006F73F0 /* ViewController.swift */,
				C7F9209120128DCC00EBC6DF /* Authentication */,
				C77EBE8D1FD3D4CF004403B0 /* AddFriends */,
				C77EBE921FD3D51E004403B0 /* Friends */,
				C77EBE941FD3D53A004403B0 /* TodoLists */,
				C77EBE951FD3D544004403B0 /* Profile */,
			);
			path = ViewControllers;
			sourceTree = "<group>";
		};
		E9C91C191FD31C1300ADFEF9 /* ModelProtocols */ = {
			isa = PBXGroup;
			children = (
				E9C91C3F1FD3274300ADFEF9 /* JSONItem.swift */,
				E9C91C411FD327BB00ADFEF9 /* JSONCollection.swift */,
			);
			path = ModelProtocols;
			sourceTree = "<group>";
		};
		E9C91C251FD31D9600ADFEF9 /* SocialTodoTests */ = {
			isa = PBXGroup;
			children = (
				E9D069661FE8A95A0044BDF4 /* APITests */,
				E9D069651FE8A8EE0044BDF4 /* ModelTests */,
				E9C91C261FD31D9600ADFEF9 /* SocialTodoTests.swift */,
				E9C91C281FD31D9600ADFEF9 /* Info.plist */,
			);
			path = SocialTodoTests;
			sourceTree = "<group>";
		};
		E9C91C331FD31DC700ADFEF9 /* SocialTodoUITests */ = {
			isa = PBXGroup;
			children = (
				E9C91C341FD31DC700ADFEF9 /* SocialTodoUITests.swift */,
				E9C91C361FD31DC700ADFEF9 /* Info.plist */,
			);
			path = SocialTodoUITests;
			sourceTree = "<group>";
		};
		E9CBCF531FEEDBD000E8D7F7 /* ControllerProtocols */ = {
			isa = PBXGroup;
			children = (
				E9CBCF561FEEDBF800E8D7F7 /* AuthControllerInterface.swift */,
				E9CBCF551FEEDBF800E8D7F7 /* DataControllerInterface.swift */,
			);
			path = ControllerProtocols;
			sourceTree = "<group>";
		};
		E9CBCF541FEEDBD700E8D7F7 /* Controllers */ = {
			isa = PBXGroup;
			children = (
				E9CBCF5B1FEEDC0100E8D7F7 /* AppDelegate.swift */,
				E9CBCF591FEEDC0100E8D7F7 /* AuthController.swift */,
				E9CBCF5A1FEEDC0100E8D7F7 /* DataController.swift */,
			);
			path = Controllers;
			sourceTree = "<group>";
		};
		E9CBCF5F1FEEDC1A00E8D7F7 /* Models */ = {
			isa = PBXGroup;
			children = (
			);
			path = Models;
			sourceTree = "<group>";
		};
		E9CBCF601FEEDC3F00E8D7F7 /* ViewControllerProtocols */ = {
			isa = PBXGroup;
			children = (
			);
			path = ViewControllerProtocols;
			sourceTree = "<group>";
		};
		E9D069651FE8A8EE0044BDF4 /* ModelTests */ = {
			isa = PBXGroup;
			children = (
			);
			path = ModelTests;
			sourceTree = "<group>";
		};
		E9D069661FE8A95A0044BDF4 /* APITests */ = {
			isa = PBXGroup;
			children = (
				E9D069671FE8A97C0044BDF4 /* FacebookLoginTest.swift */,
			);
			path = APITests;
			sourceTree = "<group>";
		};
/* End PBXGroup section */

/* Begin PBXNativeTarget section */
		C7DE93C61FD28906006F73F0 /* SocialTodo */ = {
			isa = PBXNativeTarget;
			buildConfigurationList = C7DE93D91FD28907006F73F0 /* Build configuration list for PBXNativeTarget "SocialTodo" */;
			buildPhases = (
				2B6AA8BEA53E9BB76F75E859 /* [CP] Check Pods Manifest.lock */,
				C7DE93C31FD28906006F73F0 /* Sources */,
				C7DE93C41FD28906006F73F0 /* Frameworks */,
				C7DE93C51FD28906006F73F0 /* Resources */,
				44DFC9637D338E786BB9E346 /* [CP] Embed Pods Frameworks */,
				7F13F91F708FB4D591A810EA /* [CP] Copy Pods Resources */,
			);
			buildRules = (
			);
			dependencies = (
			);
			name = SocialTodo;
			productName = SocialTodo;
			productReference = C7DE93C71FD28906006F73F0 /* SocialTodo.app */;
			productType = "com.apple.product-type.application";
		};
		E9C91C231FD31D9600ADFEF9 /* SocialTodoTests */ = {
			isa = PBXNativeTarget;
			buildConfigurationList = E9C91C2B1FD31D9600ADFEF9 /* Build configuration list for PBXNativeTarget "SocialTodoTests" */;
			buildPhases = (
				034B0DE8886E136D97DFAECD /* [CP] Check Pods Manifest.lock */,
				E9C91C201FD31D9600ADFEF9 /* Sources */,
				E9C91C211FD31D9600ADFEF9 /* Frameworks */,
				E9C91C221FD31D9600ADFEF9 /* Resources */,
				49EA21B5EAE14409DEE1F24E /* [CP] Embed Pods Frameworks */,
				FCDFCE24950662696F709CB8 /* [CP] Copy Pods Resources */,
			);
			buildRules = (
			);
			dependencies = (
				E9C91C2A1FD31D9600ADFEF9 /* PBXTargetDependency */,
			);
			name = SocialTodoTests;
			productName = SocialTodoTests;
			productReference = E9C91C241FD31D9600ADFEF9 /* SocialTodoTests.xctest */;
			productType = "com.apple.product-type.bundle.unit-test";
		};
		E9C91C311FD31DC700ADFEF9 /* SocialTodoUITests */ = {
			isa = PBXNativeTarget;
			buildConfigurationList = E9C91C391FD31DC700ADFEF9 /* Build configuration list for PBXNativeTarget "SocialTodoUITests" */;
			buildPhases = (
				9DC0DE92E47B53BD0B70F690 /* [CP] Check Pods Manifest.lock */,
				E9C91C2E1FD31DC700ADFEF9 /* Sources */,
				E9C91C2F1FD31DC700ADFEF9 /* Frameworks */,
				E9C91C301FD31DC700ADFEF9 /* Resources */,
				553B6055E4C8CE2D41E3087A /* [CP] Embed Pods Frameworks */,
				31DB77385B010C872EFF7C4B /* [CP] Copy Pods Resources */,
			);
			buildRules = (
			);
			dependencies = (
				E9C91C381FD31DC700ADFEF9 /* PBXTargetDependency */,
			);
			name = SocialTodoUITests;
			productName = SocialTodoUITests;
			productReference = E9C91C321FD31DC700ADFEF9 /* SocialTodoUITests.xctest */;
			productType = "com.apple.product-type.bundle.ui-testing";
		};
/* End PBXNativeTarget section */

/* Begin PBXProject section */
		C7DE93BF1FD28906006F73F0 /* Project object */ = {
			isa = PBXProject;
			attributes = {
				LastSwiftUpdateCheck = 0910;
				LastUpgradeCheck = 0910;
				ORGANIZATIONNAME = "Saatvik Arya";
				TargetAttributes = {
					C7DE93C61FD28906006F73F0 = {
						CreatedOnToolsVersion = 9.1;
						ProvisioningStyle = Automatic;
					};
					E9C91C231FD31D9600ADFEF9 = {
						CreatedOnToolsVersion = 9.1;
						ProvisioningStyle = Automatic;
						TestTargetID = C7DE93C61FD28906006F73F0;
					};
					E9C91C311FD31DC700ADFEF9 = {
						CreatedOnToolsVersion = 9.1;
						ProvisioningStyle = Automatic;
						TestTargetID = C7DE93C61FD28906006F73F0;
					};
				};
			};
			buildConfigurationList = C7DE93C21FD28906006F73F0 /* Build configuration list for PBXProject "SocialTodo" */;
			compatibilityVersion = "Xcode 8.0";
			developmentRegion = en;
			hasScannedForEncodings = 0;
			knownRegions = (
				en,
				Base,
			);
			mainGroup = C7DE93BE1FD28906006F73F0;
			productRefGroup = C7DE93C81FD28906006F73F0 /* Products */;
			projectDirPath = "";
			projectRoot = "";
			targets = (
				C7DE93C61FD28906006F73F0 /* SocialTodo */,
				E9C91C231FD31D9600ADFEF9 /* SocialTodoTests */,
				E9C91C311FD31DC700ADFEF9 /* SocialTodoUITests */,
			);
		};
/* End PBXProject section */

/* Begin PBXResourcesBuildPhase section */
		C7DE93C51FD28906006F73F0 /* Resources */ = {
			isa = PBXResourcesBuildPhase;
			buildActionMask = 2147483647;
			files = (
				C7DE93D51FD28907006F73F0 /* LaunchScreen.storyboard in Resources */,
				C7DE93D21FD28907006F73F0 /* Assets.xcassets in Resources */,
				C7EB3387200B1C2D004D5E1B /* Main.storyboard in Resources */,
			);
			runOnlyForDeploymentPostprocessing = 0;
		};
		E9C91C221FD31D9600ADFEF9 /* Resources */ = {
			isa = PBXResourcesBuildPhase;
			buildActionMask = 2147483647;
			files = (
			);
			runOnlyForDeploymentPostprocessing = 0;
		};
		E9C91C301FD31DC700ADFEF9 /* Resources */ = {
			isa = PBXResourcesBuildPhase;
			buildActionMask = 2147483647;
			files = (
			);
			runOnlyForDeploymentPostprocessing = 0;
		};
/* End PBXResourcesBuildPhase section */

/* Begin PBXShellScriptBuildPhase section */
		034B0DE8886E136D97DFAECD /* [CP] Check Pods Manifest.lock */ = {
			isa = PBXShellScriptBuildPhase;
			buildActionMask = 2147483647;
			files = (
			);
			inputPaths = (
				"${PODS_PODFILE_DIR_PATH}/Podfile.lock",
				"${PODS_ROOT}/Manifest.lock",
			);
			name = "[CP] Check Pods Manifest.lock";
			outputPaths = (
				"$(DERIVED_FILE_DIR)/Pods-SocialTodoTests-checkManifestLockResult.txt",
			);
			runOnlyForDeploymentPostprocessing = 0;
			shellPath = /bin/sh;
			shellScript = "diff \"${PODS_PODFILE_DIR_PATH}/Podfile.lock\" \"${PODS_ROOT}/Manifest.lock\" > /dev/null\nif [ $? != 0 ] ; then\n    # print error to STDERR\n    echo \"error: The sandbox is not in sync with the Podfile.lock. Run 'pod install' or update your CocoaPods installation.\" >&2\n    exit 1\nfi\n# This output is used by Xcode 'outputs' to avoid re-running this script phase.\necho \"SUCCESS\" > \"${SCRIPT_OUTPUT_FILE_0}\"\n";
			showEnvVarsInLog = 0;
		};
		2B6AA8BEA53E9BB76F75E859 /* [CP] Check Pods Manifest.lock */ = {
			isa = PBXShellScriptBuildPhase;
			buildActionMask = 2147483647;
			files = (
			);
			inputPaths = (
				"${PODS_PODFILE_DIR_PATH}/Podfile.lock",
				"${PODS_ROOT}/Manifest.lock",
			);
			name = "[CP] Check Pods Manifest.lock";
			outputPaths = (
				"$(DERIVED_FILE_DIR)/Pods-SocialTodo-checkManifestLockResult.txt",
			);
			runOnlyForDeploymentPostprocessing = 0;
			shellPath = /bin/sh;
			shellScript = "diff \"${PODS_PODFILE_DIR_PATH}/Podfile.lock\" \"${PODS_ROOT}/Manifest.lock\" > /dev/null\nif [ $? != 0 ] ; then\n    # print error to STDERR\n    echo \"error: The sandbox is not in sync with the Podfile.lock. Run 'pod install' or update your CocoaPods installation.\" >&2\n    exit 1\nfi\n# This output is used by Xcode 'outputs' to avoid re-running this script phase.\necho \"SUCCESS\" > \"${SCRIPT_OUTPUT_FILE_0}\"\n";
			showEnvVarsInLog = 0;
		};
		31DB77385B010C872EFF7C4B /* [CP] Copy Pods Resources */ = {
			isa = PBXShellScriptBuildPhase;
			buildActionMask = 2147483647;
			files = (
			);
			inputPaths = (
			);
			name = "[CP] Copy Pods Resources";
			outputPaths = (
			);
			runOnlyForDeploymentPostprocessing = 0;
			shellPath = /bin/sh;
			shellScript = "\"${SRCROOT}/Pods/Target Support Files/Pods-SocialTodoUITests/Pods-SocialTodoUITests-resources.sh\"\n";
			showEnvVarsInLog = 0;
		};
		44DFC9637D338E786BB9E346 /* [CP] Embed Pods Frameworks */ = {
			isa = PBXShellScriptBuildPhase;
			buildActionMask = 2147483647;
			files = (
			);
			inputPaths = (
				"${SRCROOT}/Pods/Target Support Files/Pods-SocialTodo/Pods-SocialTodo-frameworks.sh",
				"${BUILT_PRODUCTS_DIR}/Alamofire/Alamofire.framework",
				"${BUILT_PRODUCTS_DIR}/Bolts/Bolts.framework",
				"${BUILT_PRODUCTS_DIR}/FBSDKCoreKit/FBSDKCoreKit.framework",
				"${BUILT_PRODUCTS_DIR}/FBSDKLoginKit/FBSDKLoginKit.framework",
				"${BUILT_PRODUCTS_DIR}/FacebookCore/FacebookCore.framework",
				"${BUILT_PRODUCTS_DIR}/FacebookLogin/FacebookLogin.framework",
			);
			name = "[CP] Embed Pods Frameworks";
			outputPaths = (
				"${TARGET_BUILD_DIR}/${FRAMEWORKS_FOLDER_PATH}/Alamofire.framework",
				"${TARGET_BUILD_DIR}/${FRAMEWORKS_FOLDER_PATH}/Bolts.framework",
				"${TARGET_BUILD_DIR}/${FRAMEWORKS_FOLDER_PATH}/FBSDKCoreKit.framework",
				"${TARGET_BUILD_DIR}/${FRAMEWORKS_FOLDER_PATH}/FBSDKLoginKit.framework",
				"${TARGET_BUILD_DIR}/${FRAMEWORKS_FOLDER_PATH}/FacebookCore.framework",
				"${TARGET_BUILD_DIR}/${FRAMEWORKS_FOLDER_PATH}/FacebookLogin.framework",
			);
			runOnlyForDeploymentPostprocessing = 0;
			shellPath = /bin/sh;
			shellScript = "\"${SRCROOT}/Pods/Target Support Files/Pods-SocialTodo/Pods-SocialTodo-frameworks.sh\"\n";
			showEnvVarsInLog = 0;
		};
		49EA21B5EAE14409DEE1F24E /* [CP] Embed Pods Frameworks */ = {
			isa = PBXShellScriptBuildPhase;
			buildActionMask = 2147483647;
			files = (
			);
			inputPaths = (
				"${SRCROOT}/Pods/Target Support Files/Pods-SocialTodoTests/Pods-SocialTodoTests-frameworks.sh",
				"${BUILT_PRODUCTS_DIR}/Alamofire/Alamofire.framework",
				"${BUILT_PRODUCTS_DIR}/Bolts/Bolts.framework",
				"${BUILT_PRODUCTS_DIR}/FBSDKCoreKit/FBSDKCoreKit.framework",
				"${BUILT_PRODUCTS_DIR}/FBSDKLoginKit/FBSDKLoginKit.framework",
				"${BUILT_PRODUCTS_DIR}/FacebookCore/FacebookCore.framework",
				"${BUILT_PRODUCTS_DIR}/FacebookLogin/FacebookLogin.framework",
			);
			name = "[CP] Embed Pods Frameworks";
			outputPaths = (
				"${TARGET_BUILD_DIR}/${FRAMEWORKS_FOLDER_PATH}/Alamofire.framework",
				"${TARGET_BUILD_DIR}/${FRAMEWORKS_FOLDER_PATH}/Bolts.framework",
				"${TARGET_BUILD_DIR}/${FRAMEWORKS_FOLDER_PATH}/FBSDKCoreKit.framework",
				"${TARGET_BUILD_DIR}/${FRAMEWORKS_FOLDER_PATH}/FBSDKLoginKit.framework",
				"${TARGET_BUILD_DIR}/${FRAMEWORKS_FOLDER_PATH}/FacebookCore.framework",
				"${TARGET_BUILD_DIR}/${FRAMEWORKS_FOLDER_PATH}/FacebookLogin.framework",
			);
			runOnlyForDeploymentPostprocessing = 0;
			shellPath = /bin/sh;
			shellScript = "\"${SRCROOT}/Pods/Target Support Files/Pods-SocialTodoTests/Pods-SocialTodoTests-frameworks.sh\"\n";
			showEnvVarsInLog = 0;
		};
		553B6055E4C8CE2D41E3087A /* [CP] Embed Pods Frameworks */ = {
			isa = PBXShellScriptBuildPhase;
			buildActionMask = 2147483647;
			files = (
			);
			inputPaths = (
				"${SRCROOT}/Pods/Target Support Files/Pods-SocialTodoUITests/Pods-SocialTodoUITests-frameworks.sh",
				"${BUILT_PRODUCTS_DIR}/Alamofire/Alamofire.framework",
				"${BUILT_PRODUCTS_DIR}/Bolts/Bolts.framework",
				"${BUILT_PRODUCTS_DIR}/FBSDKCoreKit/FBSDKCoreKit.framework",
				"${BUILT_PRODUCTS_DIR}/FBSDKLoginKit/FBSDKLoginKit.framework",
				"${BUILT_PRODUCTS_DIR}/FacebookCore/FacebookCore.framework",
				"${BUILT_PRODUCTS_DIR}/FacebookLogin/FacebookLogin.framework",
			);
			name = "[CP] Embed Pods Frameworks";
			outputPaths = (
				"${TARGET_BUILD_DIR}/${FRAMEWORKS_FOLDER_PATH}/Alamofire.framework",
				"${TARGET_BUILD_DIR}/${FRAMEWORKS_FOLDER_PATH}/Bolts.framework",
				"${TARGET_BUILD_DIR}/${FRAMEWORKS_FOLDER_PATH}/FBSDKCoreKit.framework",
				"${TARGET_BUILD_DIR}/${FRAMEWORKS_FOLDER_PATH}/FBSDKLoginKit.framework",
				"${TARGET_BUILD_DIR}/${FRAMEWORKS_FOLDER_PATH}/FacebookCore.framework",
				"${TARGET_BUILD_DIR}/${FRAMEWORKS_FOLDER_PATH}/FacebookLogin.framework",
			);
			runOnlyForDeploymentPostprocessing = 0;
			shellPath = /bin/sh;
			shellScript = "\"${SRCROOT}/Pods/Target Support Files/Pods-SocialTodoUITests/Pods-SocialTodoUITests-frameworks.sh\"\n";
			showEnvVarsInLog = 0;
		};
		7F13F91F708FB4D591A810EA /* [CP] Copy Pods Resources */ = {
			isa = PBXShellScriptBuildPhase;
			buildActionMask = 2147483647;
			files = (
			);
			inputPaths = (
			);
			name = "[CP] Copy Pods Resources";
			outputPaths = (
			);
			runOnlyForDeploymentPostprocessing = 0;
			shellPath = /bin/sh;
			shellScript = "\"${SRCROOT}/Pods/Target Support Files/Pods-SocialTodo/Pods-SocialTodo-resources.sh\"\n";
			showEnvVarsInLog = 0;
		};
		9DC0DE92E47B53BD0B70F690 /* [CP] Check Pods Manifest.lock */ = {
			isa = PBXShellScriptBuildPhase;
			buildActionMask = 2147483647;
			files = (
			);
			inputPaths = (
				"${PODS_PODFILE_DIR_PATH}/Podfile.lock",
				"${PODS_ROOT}/Manifest.lock",
			);
			name = "[CP] Check Pods Manifest.lock";
			outputPaths = (
				"$(DERIVED_FILE_DIR)/Pods-SocialTodoUITests-checkManifestLockResult.txt",
			);
			runOnlyForDeploymentPostprocessing = 0;
			shellPath = /bin/sh;
			shellScript = "diff \"${PODS_PODFILE_DIR_PATH}/Podfile.lock\" \"${PODS_ROOT}/Manifest.lock\" > /dev/null\nif [ $? != 0 ] ; then\n    # print error to STDERR\n    echo \"error: The sandbox is not in sync with the Podfile.lock. Run 'pod install' or update your CocoaPods installation.\" >&2\n    exit 1\nfi\n# This output is used by Xcode 'outputs' to avoid re-running this script phase.\necho \"SUCCESS\" > \"${SCRIPT_OUTPUT_FILE_0}\"\n";
			showEnvVarsInLog = 0;
		};
		FCDFCE24950662696F709CB8 /* [CP] Copy Pods Resources */ = {
			isa = PBXShellScriptBuildPhase;
			buildActionMask = 2147483647;
			files = (
			);
			inputPaths = (
			);
			name = "[CP] Copy Pods Resources";
			outputPaths = (
			);
			runOnlyForDeploymentPostprocessing = 0;
			shellPath = /bin/sh;
			shellScript = "\"${SRCROOT}/Pods/Target Support Files/Pods-SocialTodoTests/Pods-SocialTodoTests-resources.sh\"\n";
			showEnvVarsInLog = 0;
		};
/* End PBXShellScriptBuildPhase section */

/* Begin PBXSourcesBuildPhase section */
		C7DE93C31FD28906006F73F0 /* Sources */ = {
			isa = PBXSourcesBuildPhase;
			buildActionMask = 2147483647;
			files = (
				C7F9209320128E0D00EBC6DF /* LoginViewController.swift in Sources */,
				E9CBCF691FEEE37A00E8D7F7 /* ProfileViewController.swift in Sources */,
				E9CBCF681FEEE37700E8D7F7 /* TodoListsViewController.swift in Sources */,
				E9CBCF671FEEE37400E8D7F7 /* FriendsViewController.swift in Sources */,
				C7EB3385200ACFDD004D5E1B /* TLCell.swift in Sources */,
				C767F5D7201923D100C532D0 /* Constants.swift in Sources */,
				E9CBCF661FEEE37000E8D7F7 /* AddFriendsViewController.swift in Sources */,
				E9CBCF651FEEE36C00E8D7F7 /* JSONCollection.swift in Sources */,
				C7DE93CD1FD28906006F73F0 /* ViewController.swift in Sources */,
				E9CBCF5D1FEEDC0100E8D7F7 /* DataController.swift in Sources */,
				E9CBCF571FEEDBF800E8D7F7 /* DataControllerInterface.swift in Sources */,
				C767F5DA201924EE00C532D0 /* Extensions.swift in Sources */,
				E9CBCF5C1FEEDC0100E8D7F7 /* AuthController.swift in Sources */,
				E9CBCF5E1FEEDC0100E8D7F7 /* AppDelegate.swift in Sources */,
				E9C91C401FD3274300ADFEF9 /* JSONItem.swift in Sources */,
				E9CBCF581FEEDBF800E8D7F7 /* AuthControllerInterface.swift in Sources */,
			);
			runOnlyForDeploymentPostprocessing = 0;
		};
		E9C91C201FD31D9600ADFEF9 /* Sources */ = {
			isa = PBXSourcesBuildPhase;
			buildActionMask = 2147483647;
			files = (
				E9C91C271FD31D9600ADFEF9 /* SocialTodoTests.swift in Sources */,
				E9848CA21FEEFEB8007ECCB2 /* FacebookLoginTest.swift in Sources */,
			);
			runOnlyForDeploymentPostprocessing = 0;
		};
		E9C91C2E1FD31DC700ADFEF9 /* Sources */ = {
			isa = PBXSourcesBuildPhase;
			buildActionMask = 2147483647;
			files = (
				E9C91C351FD31DC700ADFEF9 /* SocialTodoUITests.swift in Sources */,
			);
			runOnlyForDeploymentPostprocessing = 0;
		};
/* End PBXSourcesBuildPhase section */

/* Begin PBXTargetDependency section */
		E9C91C2A1FD31D9600ADFEF9 /* PBXTargetDependency */ = {
			isa = PBXTargetDependency;
			target = C7DE93C61FD28906006F73F0 /* SocialTodo */;
			targetProxy = E9C91C291FD31D9600ADFEF9 /* PBXContainerItemProxy */;
		};
		E9C91C381FD31DC700ADFEF9 /* PBXTargetDependency */ = {
			isa = PBXTargetDependency;
			target = C7DE93C61FD28906006F73F0 /* SocialTodo */;
			targetProxy = E9C91C371FD31DC700ADFEF9 /* PBXContainerItemProxy */;
		};
/* End PBXTargetDependency section */

/* Begin PBXVariantGroup section */
		C7DE93D31FD28907006F73F0 /* LaunchScreen.storyboard */ = {
			isa = PBXVariantGroup;
			children = (
				C7DE93D41FD28907006F73F0 /* Base */,
			);
			name = LaunchScreen.storyboard;
			sourceTree = "<group>";
		};
/* End PBXVariantGroup section */

/* Begin XCBuildConfiguration section */
		C7DE93D71FD28907006F73F0 /* Debug */ = {
			isa = XCBuildConfiguration;
			buildSettings = {
				ALWAYS_SEARCH_USER_PATHS = NO;
				CLANG_ANALYZER_NONNULL = YES;
				CLANG_ANALYZER_NUMBER_OBJECT_CONVERSION = YES_AGGRESSIVE;
				CLANG_CXX_LANGUAGE_STANDARD = "gnu++14";
				CLANG_CXX_LIBRARY = "libc++";
				CLANG_ENABLE_MODULES = YES;
				CLANG_ENABLE_OBJC_ARC = YES;
				CLANG_WARN_BLOCK_CAPTURE_AUTORELEASING = YES;
				CLANG_WARN_BOOL_CONVERSION = YES;
				CLANG_WARN_COMMA = YES;
				CLANG_WARN_CONSTANT_CONVERSION = YES;
				CLANG_WARN_DIRECT_OBJC_ISA_USAGE = YES_ERROR;
				CLANG_WARN_DOCUMENTATION_COMMENTS = YES;
				CLANG_WARN_EMPTY_BODY = YES;
				CLANG_WARN_ENUM_CONVERSION = YES;
				CLANG_WARN_INFINITE_RECURSION = YES;
				CLANG_WARN_INT_CONVERSION = YES;
				CLANG_WARN_NON_LITERAL_NULL_CONVERSION = YES;
				CLANG_WARN_OBJC_LITERAL_CONVERSION = YES;
				CLANG_WARN_OBJC_ROOT_CLASS = YES_ERROR;
				CLANG_WARN_RANGE_LOOP_ANALYSIS = YES;
				CLANG_WARN_STRICT_PROTOTYPES = YES;
				CLANG_WARN_SUSPICIOUS_MOVE = YES;
				CLANG_WARN_UNGUARDED_AVAILABILITY = YES_AGGRESSIVE;
				CLANG_WARN_UNREACHABLE_CODE = YES;
				CLANG_WARN__DUPLICATE_METHOD_MATCH = YES;
				CODE_SIGN_IDENTITY = "iPhone Developer";
				COPY_PHASE_STRIP = NO;
				DEBUG_INFORMATION_FORMAT = dwarf;
				ENABLE_STRICT_OBJC_MSGSEND = YES;
				ENABLE_TESTABILITY = YES;
				GCC_C_LANGUAGE_STANDARD = gnu11;
				GCC_DYNAMIC_NO_PIC = NO;
				GCC_NO_COMMON_BLOCKS = YES;
				GCC_OPTIMIZATION_LEVEL = 0;
				GCC_PREPROCESSOR_DEFINITIONS = (
					"DEBUG=1",
					"$(inherited)",
				);
				GCC_WARN_64_TO_32_BIT_CONVERSION = YES;
				GCC_WARN_ABOUT_RETURN_TYPE = YES_ERROR;
				GCC_WARN_UNDECLARED_SELECTOR = YES;
				GCC_WARN_UNINITIALIZED_AUTOS = YES_AGGRESSIVE;
				GCC_WARN_UNUSED_FUNCTION = YES;
				GCC_WARN_UNUSED_VARIABLE = YES;
				IPHONEOS_DEPLOYMENT_TARGET = 11.1;
				MTL_ENABLE_DEBUG_INFO = YES;
				ONLY_ACTIVE_ARCH = YES;
				SDKROOT = iphoneos;
				SWIFT_ACTIVE_COMPILATION_CONDITIONS = DEBUG;
				SWIFT_OPTIMIZATION_LEVEL = "-Onone";
			};
			name = Debug;
		};
		C7DE93D81FD28907006F73F0 /* Release */ = {
			isa = XCBuildConfiguration;
			buildSettings = {
				ALWAYS_SEARCH_USER_PATHS = NO;
				CLANG_ANALYZER_NONNULL = YES;
				CLANG_ANALYZER_NUMBER_OBJECT_CONVERSION = YES_AGGRESSIVE;
				CLANG_CXX_LANGUAGE_STANDARD = "gnu++14";
				CLANG_CXX_LIBRARY = "libc++";
				CLANG_ENABLE_MODULES = YES;
				CLANG_ENABLE_OBJC_ARC = YES;
				CLANG_WARN_BLOCK_CAPTURE_AUTORELEASING = YES;
				CLANG_WARN_BOOL_CONVERSION = YES;
				CLANG_WARN_COMMA = YES;
				CLANG_WARN_CONSTANT_CONVERSION = YES;
				CLANG_WARN_DIRECT_OBJC_ISA_USAGE = YES_ERROR;
				CLANG_WARN_DOCUMENTATION_COMMENTS = YES;
				CLANG_WARN_EMPTY_BODY = YES;
				CLANG_WARN_ENUM_CONVERSION = YES;
				CLANG_WARN_INFINITE_RECURSION = YES;
				CLANG_WARN_INT_CONVERSION = YES;
				CLANG_WARN_NON_LITERAL_NULL_CONVERSION = YES;
				CLANG_WARN_OBJC_LITERAL_CONVERSION = YES;
				CLANG_WARN_OBJC_ROOT_CLASS = YES_ERROR;
				CLANG_WARN_RANGE_LOOP_ANALYSIS = YES;
				CLANG_WARN_STRICT_PROTOTYPES = YES;
				CLANG_WARN_SUSPICIOUS_MOVE = YES;
				CLANG_WARN_UNGUARDED_AVAILABILITY = YES_AGGRESSIVE;
				CLANG_WARN_UNREACHABLE_CODE = YES;
				CLANG_WARN__DUPLICATE_METHOD_MATCH = YES;
				CODE_SIGN_IDENTITY = "iPhone Developer";
				COPY_PHASE_STRIP = NO;
				DEBUG_INFORMATION_FORMAT = "dwarf-with-dsym";
				ENABLE_NS_ASSERTIONS = NO;
				ENABLE_STRICT_OBJC_MSGSEND = YES;
				GCC_C_LANGUAGE_STANDARD = gnu11;
				GCC_NO_COMMON_BLOCKS = YES;
				GCC_WARN_64_TO_32_BIT_CONVERSION = YES;
				GCC_WARN_ABOUT_RETURN_TYPE = YES_ERROR;
				GCC_WARN_UNDECLARED_SELECTOR = YES;
				GCC_WARN_UNINITIALIZED_AUTOS = YES_AGGRESSIVE;
				GCC_WARN_UNUSED_FUNCTION = YES;
				GCC_WARN_UNUSED_VARIABLE = YES;
				IPHONEOS_DEPLOYMENT_TARGET = 11.1;
				MTL_ENABLE_DEBUG_INFO = NO;
				SDKROOT = iphoneos;
				SWIFT_OPTIMIZATION_LEVEL = "-Owholemodule";
				VALIDATE_PRODUCT = YES;
			};
			name = Release;
		};
		C7DE93DA1FD28907006F73F0 /* Debug */ = {
			isa = XCBuildConfiguration;
			baseConfigurationReference = AD1D5EA6703B3A202E5D932F /* Pods-SocialTodo.debug.xcconfig */;
			buildSettings = {
				ASSETCATALOG_COMPILER_APPICON_NAME = AppIcon;
				CODE_SIGN_STYLE = Automatic;
				DEVELOPMENT_TEAM = 4FBJW94LUM;
				ENABLE_BITCODE = YES;
				INFOPLIST_FILE = SocialTodo/Info.plist;
				IPHONEOS_DEPLOYMENT_TARGET = 11.2;
				LD_RUNPATH_SEARCH_PATHS = "$(inherited) @executable_path/Frameworks";
				PRODUCT_BUNDLE_IDENTIFIER = me.saatvikarya.SocialTodo;
				PRODUCT_NAME = "$(TARGET_NAME)";
				SWIFT_VERSION = 4.0;
				TARGETED_DEVICE_FAMILY = "1,2";
			};
			name = Debug;
		};
		C7DE93DB1FD28907006F73F0 /* Release */ = {
			isa = XCBuildConfiguration;
			baseConfigurationReference = 935072707C4F55DBB2CFA465 /* Pods-SocialTodo.release.xcconfig */;
			buildSettings = {
				ASSETCATALOG_COMPILER_APPICON_NAME = AppIcon;
				CODE_SIGN_STYLE = Automatic;
				DEVELOPMENT_TEAM = 4FBJW94LUM;
				ENABLE_BITCODE = YES;
				INFOPLIST_FILE = SocialTodo/Info.plist;
				IPHONEOS_DEPLOYMENT_TARGET = 11.2;
				LD_RUNPATH_SEARCH_PATHS = "$(inherited) @executable_path/Frameworks";
				PRODUCT_BUNDLE_IDENTIFIER = me.saatvikarya.SocialTodo;
				PRODUCT_NAME = "$(TARGET_NAME)";
				SWIFT_VERSION = 4.0;
				TARGETED_DEVICE_FAMILY = "1,2";
			};
			name = Release;
		};
		E9C91C2C1FD31D9600ADFEF9 /* Debug */ = {
			isa = XCBuildConfiguration;
			baseConfigurationReference = 2492E0CC40A0E1BC286238D9 /* Pods-SocialTodoTests.debug.xcconfig */;
			buildSettings = {
				BUNDLE_LOADER = "$(TEST_HOST)";
				CODE_SIGN_STYLE = Automatic;
				INFOPLIST_FILE = SocialTodoTests/Info.plist;
				LD_RUNPATH_SEARCH_PATHS = "$(inherited) @executable_path/Frameworks @loader_path/Frameworks";
				PRODUCT_BUNDLE_IDENTIFIER = me.saatvikarya.SocialTodoTests;
				PRODUCT_NAME = "$(TARGET_NAME)";
				SWIFT_VERSION = 4.0;
				TARGETED_DEVICE_FAMILY = "1,2";
				TEST_HOST = "$(BUILT_PRODUCTS_DIR)/SocialTodo.app/SocialTodo";
			};
			name = Debug;
		};
		E9C91C2D1FD31D9600ADFEF9 /* Release */ = {
			isa = XCBuildConfiguration;
			baseConfigurationReference = 2EF4B615255B39FCCFFF5700 /* Pods-SocialTodoTests.release.xcconfig */;
			buildSettings = {
				BUNDLE_LOADER = "$(TEST_HOST)";
				CODE_SIGN_STYLE = Automatic;
				INFOPLIST_FILE = SocialTodoTests/Info.plist;
				LD_RUNPATH_SEARCH_PATHS = "$(inherited) @executable_path/Frameworks @loader_path/Frameworks";
				PRODUCT_BUNDLE_IDENTIFIER = me.saatvikarya.SocialTodoTests;
				PRODUCT_NAME = "$(TARGET_NAME)";
				SWIFT_VERSION = 4.0;
				TARGETED_DEVICE_FAMILY = "1,2";
				TEST_HOST = "$(BUILT_PRODUCTS_DIR)/SocialTodo.app/SocialTodo";
			};
			name = Release;
		};
		E9C91C3A1FD31DC700ADFEF9 /* Debug */ = {
			isa = XCBuildConfiguration;
			baseConfigurationReference = 79030B743087874D844CB600 /* Pods-SocialTodoUITests.debug.xcconfig */;
			buildSettings = {
				CODE_SIGN_STYLE = Automatic;
				INFOPLIST_FILE = SocialTodoUITests/Info.plist;
				LD_RUNPATH_SEARCH_PATHS = "$(inherited) @executable_path/Frameworks @loader_path/Frameworks";
				PRODUCT_BUNDLE_IDENTIFIER = me.saatvikarya.SocialTodoUITests;
				PRODUCT_NAME = "$(TARGET_NAME)";
				SWIFT_VERSION = 4.0;
				TARGETED_DEVICE_FAMILY = "1,2";
				TEST_TARGET_NAME = SocialTodo;
			};
			name = Debug;
		};
		E9C91C3B1FD31DC700ADFEF9 /* Release */ = {
			isa = XCBuildConfiguration;
			baseConfigurationReference = 41502CAF0E2DCBA449EA0A2A /* Pods-SocialTodoUITests.release.xcconfig */;
			buildSettings = {
				CODE_SIGN_STYLE = Automatic;
				INFOPLIST_FILE = SocialTodoUITests/Info.plist;
				LD_RUNPATH_SEARCH_PATHS = "$(inherited) @executable_path/Frameworks @loader_path/Frameworks";
				PRODUCT_BUNDLE_IDENTIFIER = me.saatvikarya.SocialTodoUITests;
				PRODUCT_NAME = "$(TARGET_NAME)";
				SWIFT_VERSION = 4.0;
				TARGETED_DEVICE_FAMILY = "1,2";
				TEST_TARGET_NAME = SocialTodo;
			};
			name = Release;
		};
/* End XCBuildConfiguration section */

/* Begin XCConfigurationList section */
		C7DE93C21FD28906006F73F0 /* Build configuration list for PBXProject "SocialTodo" */ = {
			isa = XCConfigurationList;
			buildConfigurations = (
				C7DE93D71FD28907006F73F0 /* Debug */,
				C7DE93D81FD28907006F73F0 /* Release */,
			);
			defaultConfigurationIsVisible = 0;
			defaultConfigurationName = Release;
		};
		C7DE93D91FD28907006F73F0 /* Build configuration list for PBXNativeTarget "SocialTodo" */ = {
			isa = XCConfigurationList;
			buildConfigurations = (
				C7DE93DA1FD28907006F73F0 /* Debug */,
				C7DE93DB1FD28907006F73F0 /* Release */,
			);
			defaultConfigurationIsVisible = 0;
			defaultConfigurationName = Release;
		};
		E9C91C2B1FD31D9600ADFEF9 /* Build configuration list for PBXNativeTarget "SocialTodoTests" */ = {
			isa = XCConfigurationList;
			buildConfigurations = (
				E9C91C2C1FD31D9600ADFEF9 /* Debug */,
				E9C91C2D1FD31D9600ADFEF9 /* Release */,
			);
			defaultConfigurationIsVisible = 0;
			defaultConfigurationName = Release;
		};
		E9C91C391FD31DC700ADFEF9 /* Build configuration list for PBXNativeTarget "SocialTodoUITests" */ = {
			isa = XCConfigurationList;
			buildConfigurations = (
				E9C91C3A1FD31DC700ADFEF9 /* Debug */,
				E9C91C3B1FD31DC700ADFEF9 /* Release */,
			);
			defaultConfigurationIsVisible = 0;
			defaultConfigurationName = Release;
		};
/* End XCConfigurationList section */
	};
	rootObject = C7DE93BF1FD28906006F73F0 /* Project object */;
}
